<?xml version="1.0" encoding="utf-8"?>
<Project ToolsVersion="4.0" xmlns="http://schemas.microsoft.com/developer/msbuild/2003">
  <ItemGroup>
    <Filter Include="Source Files">
      <UniqueIdentifier>{fbad0f2d-faaa-4b0b-865c-583fac8ddcb1}</UniqueIdentifier>
      <Extensions>cpp;c;cxx;rc;def;r;odl;idl;hpj;bat</Extensions>
    </Filter>
    <Filter Include="Header Files">
      <UniqueIdentifier>{92f20462-242f-4a0c-883e-b3c33819b84b}</UniqueIdentifier>
      <Extensions>h;hpp;hxx;hm;inl</Extensions>
    </Filter>
    <Filter Include="Resource Files">
      <UniqueIdentifier>{ad6e765e-4300-41dc-b185-05b019286785}</UniqueIdentifier>
      <Extensions>ico;cur;bmp;dlg;rc2;rct;bin;rgs;gif;jpg;jpeg;jpe</Extensions>
    </Filter>
    <Filter Include="Header Files\Includes">
      <UniqueIdentifier>{d5623f93-191a-409b-8617-312fb6e95b03}</UniqueIdentifier>
    </Filter>
    <Filter Include="Source Files\Includes">
      <UniqueIdentifier>{c324f265-1a4a-4d74-b098-c49b27a799cc}</UniqueIdentifier>
    </Filter>
  </ItemGroup>
  <ItemGroup>
    <ClCompile Include="LiarMaxPlugin.cpp">
      <Filter>Source Files</Filter>
    </ClCompile>
    <ClCompile Include="DllEntry.cpp">
      <Filter>Source Files</Filter>
    </ClCompile>
    <ClCompile Include="..\PluginUtil\Matrices.cpp">
      <Filter>Source Files\Includes</Filter>
    </ClCompile>
    <ClCompile Include="LiarMaxDialogMgr.cpp">
      <Filter>Source Files</Filter>
    </ClCompile>
    <ClCompile Include="LiarMaxNodeParse.cpp">
      <Filter>Source Files</Filter>
    </ClCompile>
    <ClCompile Include="LiarPluginWrite.cpp">
      <Filter>Source Files</Filter>
    </ClCompile>
    <ClCompile Include="..\PluginUtil\LiarPluginRead.cpp">
      <Filter>Source Files\Includes</Filter>
    </ClCompile>
    <ClCompile Include="..\PluginUtil\Quaternion.cpp">
      <Filter>Source Files\Includes</Filter>
    </ClCompile>
    <ClCompile Include="..\PluginUtil\LiarSkeleton.cpp">
      <Filter>Source Files\Includes</Filter>
    </ClCompile>
    <ClCompile Include="..\PluginUtil\LiarSkeletonAnim.cpp">
      <Filter>Source Files\Includes</Filter>
    </ClCompile>
    <ClCompile Include="..\PluginUtil\LiarVertexBuffer.cpp">
      <Filter>Source Files\Includes</Filter>
    </ClCompile>
    <ClCompile Include="LiarPluginCfg.cpp">
      <Filter>Source Files</Filter>
    </ClCompile>
  </ItemGroup>
  <ItemGroup>
    <None Include="LiarMaxPlugin.def">
      <Filter>Source Files</Filter>
    </None>
  </ItemGroup>
  <ItemGroup>
    <ClInclude Include="3dsmaxsdk_preinclude.h">
      <Filter>Header Files</Filter>
    </ClInclude>
    <ClInclude Include="resource.h">
      <Filter>Header Files</Filter>
    </ClInclude>
    <ClInclude Include="..\PluginUtil\plugin\LiarPluginUtil.h">
      <Filter>Header Files\Includes</Filter>
    </ClInclude>
    <ClInclude Include="..\PluginUtil\include\LiarStringUtil.h">
      <Filter>Header Files\Includes</Filter>
    </ClInclude>
    <ClInclude Include="..\PluginUtil\include\LiarVertexBuffer.h">
      <Filter>Header Files\Includes</Filter>
    </ClInclude>
    <ClInclude Include="..\PluginUtil\include\Matrices.h">
      <Filter>Header Files\Includes</Filter>
    </ClInclude>
    <ClInclude Include="..\PluginUtil\include\PluginDefine.h">
      <Filter>Header Files\Includes</Filter>
    </ClInclude>
    <ClInclude Include="..\PluginUtil\include\Vectors.h">
      <Filter>Header Files\Includes</Filter>
    </ClInclude>
    <ClInclude Include="LiarMaxPlugin.h">
      <Filter>Header Files</Filter>
    </ClInclude>
    <ClInclude Include="LiarMaxDialogMgr.h">
      <Filter>Header Files</Filter>
    </ClInclude>
    <ClInclude Include="LiarMaxNodeParse.h">
      <Filter>Header Files</Filter>
    </ClInclude>
    <ClInclude Include="LiarPluginWrite.h">
      <Filter>Header Files</Filter>
    </ClInclude>
    <ClInclude Include="..\PluginUtil\include\LiarPluginRead.h">
      <Filter>Header Files\Includes</Filter>
    </ClInclude>
    <ClInclude Include="..\PluginUtil\include\Quaternion.h">
      <Filter>Header Files\Includes</Filter>
    </ClInclude>
    <ClInclude Include="..\PluginUtil\include\LiarSkeleton.h">
      <Filter>Header Files\Includes</Filter>
    </ClInclude>
    <ClInclude Include="..\PluginUtil\include\LiarSkeletonAnim.h">
      <Filter>Header Files\Includes</Filter>
    </ClInclude>
    <ClInclude Include="..\PluginUtil\include\LiarRefrence.h">
      <Filter>Header Files\Includes</Filter>
    </ClInclude>
    <ClInclude Include="LiarPluginCfg.h">
      <Filter>Header Files</Filter>
    </ClInclude>
  </ItemGroup>
  <ItemGroup>
    <ResourceCompile Include="LiarMaxPlugin.rc">
      <Filter>Resource Files</Filter>
    </ResourceCompile>
  </ItemGroup>
</Project>